# This file is automatically @generated by Cargo.
# It is not intended for manual editing.
version = 3

[[package]]
name = "alexandria"
version = "0.1.0"
source = "git+https://github.com/shipsimfan/alexandria.git#1c0ae23b4a1cb50858c869077f51cdd80183f52f"
dependencies = [
 "win32",
]

[[package]]
name = "colosseum"
version = "0.1.0"
source = "git+https://github.com/shipsimfan/colosseum.git#1671f488806798f03711833bae252f3d65d23f54"
dependencies = [
 "alexandria",
]

[[package]]
name = "wave"
version = "0.1.0"
dependencies = [
 "colosseum",
]

[[package]]
name = "win32"
version = "0.1.0"
source = "git+https://github.com/shipsimfan/lib-win32.git?branch=main#a686af1824d59643c4bbfe87728add33c77cf29f"
