# This file is automatically @generated by Cargo.
# It is not intended for manual editing.
version = 3

[[package]]
name = "alexandria"
version = "0.1.0"
source = "git+https://github.com/shipsimfan/alexandria.git#8c9a8654a6206c09a8037fe0e2cfce783ba9b794"
dependencies = [
 "ginger",
 "win32",
]

[[package]]
name = "colosseum"
version = "0.1.0"
source = "git+https://github.com/shipsimfan/colosseum.git#1671f488806798f03711833bae252f3d65d23f54"
dependencies = [
 "alexandria",
]

[[package]]
name = "ginger"
version = "0.1.0"
source = "git+https://github.com/shipsimfan/ginger.git#6907fc6fbca7e6bdd25e161f0cf95b66f5b8c2b0"

[[package]]
name = "wave"
version = "0.1.0"
dependencies = [
 "alexandria",
 "colosseum",
 "win32",
]

[[package]]
name = "win32"
version = "0.1.0"
source = "git+https://github.com/shipsimfan/lib-win32.git?branch=main#a49eecfac384ee2e0e67e1a31ed1bbcb8ccb661e"
